
Microsoft Visual Studio Solution File, Format Version 12.00
# Visual Studio 2013
VisualStudioVersion = 12.0.21005.1
MinimumVisualStudioVersion = 10.0.40219.1
Project("{FAE04EC0-301F-11D3-BF4B-00C04F79EFBC}") = "MovieRental", "MovieRental\MovieRental.csproj", "{DE577377-EDA2-42A9-AB5E-0C61A080F99A}"
EndProject
Project("{FAE04EC0-301F-11D3-BF4B-00C04F79EFBC}") = "Data", "Data\Data.csproj", "{925F8CEA-E1AE-4F0F-9FDA-187B71A894A5}"
EndProject
Project("{FAE04EC0-301F-11D3-BF4B-00C04F79EFBC}") = "Business", "Business\Business.csproj", "{223FD209-16E5-45A3-B4F8-2280E096752F}"
EndProject
Project("{FAE04EC0-301F-11D3-BF4B-00C04F79EFBC}") = "Models", "Models\Models.csproj", "{5377E0E8-F5FC-4001-8B0D-BCEAC13EC19A}"
EndProject
Project("{FAE04EC0-301F-11D3-BF4B-00C04F79EFBC}") = "Views", "Views\Views.csproj", "{C41C0618-E446-4E4F-9EFC-F1A8240BB565}"
EndProject
Project("{FAE04EC0-301F-11D3-BF4B-00C04F79EFBC}") = "Configuration", "Configuration\Configuration.csproj", "{3A6FD1E4-E21F-4065-B902-248382651A1D}"
EndProject
Global
	GlobalSection(SolutionConfigurationPlatforms) = preSolution
		Debug|Any CPU = Debug|Any CPU
		Release|Any CPU = Release|Any CPU
	EndGlobalSection
	GlobalSection(ProjectConfigurationPlatforms) = postSolution
		{DE577377-EDA2-42A9-AB5E-0C61A080F99A}.Debug|Any CPU.ActiveCfg = Debug|Any CPU
		{DE577377-EDA2-42A9-AB5E-0C61A080F99A}.Debug|Any CPU.Build.0 = Debug|Any CPU
		{DE577377-EDA2-42A9-AB5E-0C61A080F99A}.Release|Any CPU.ActiveCfg = Release|Any CPU
		{DE577377-EDA2-42A9-AB5E-0C61A080F99A}.Release|Any CPU.Build.0 = Release|Any CPU
		{925F8CEA-E1AE-4F0F-9FDA-187B71A894A5}.Debug|Any CPU.ActiveCfg = Debug|Any CPU
		{925F8CEA-E1AE-4F0F-9FDA-187B71A894A5}.Debug|Any CPU.Build.0 = Debug|Any CPU
		{925F8CEA-E1AE-4F0F-9FDA-187B71A894A5}.Release|Any CPU.ActiveCfg = Release|Any CPU
		{925F8CEA-E1AE-4F0F-9FDA-187B71A894A5}.Release|Any CPU.Build.0 = Release|Any CPU
		{223FD209-16E5-45A3-B4F8-2280E096752F}.Debug|Any CPU.ActiveCfg = Debug|Any CPU
		{223FD209-16E5-45A3-B4F8-2280E096752F}.Debug|Any CPU.Build.0 = Debug|Any CPU
		{223FD209-16E5-45A3-B4F8-2280E096752F}.Release|Any CPU.ActiveCfg = Release|Any CPU
		{223FD209-16E5-45A3-B4F8-2280E096752F}.Release|Any CPU.Build.0 = Release|Any CPU
		{5377E0E8-F5FC-4001-8B0D-BCEAC13EC19A}.Debug|Any CPU.ActiveCfg = Debug|Any CPU
		{5377E0E8-F5FC-4001-8B0D-BCEAC13EC19A}.Debug|Any CPU.Build.0 = Debug|Any CPU
		{5377E0E8-F5FC-4001-8B0D-BCEAC13EC19A}.Release|Any CPU.ActiveCfg = Release|Any CPU
		{5377E0E8-F5FC-4001-8B0D-BCEAC13EC19A}.Release|Any CPU.Build.0 = Release|Any CPU
		{C41C0618-E446-4E4F-9EFC-F1A8240BB565}.Debug|Any CPU.ActiveCfg = Debug|Any CPU
		{C41C0618-E446-4E4F-9EFC-F1A8240BB565}.Debug|Any CPU.Build.0 = Debug|Any CPU
		{C41C0618-E446-4E4F-9EFC-F1A8240BB565}.Release|Any CPU.ActiveCfg = Release|Any CPU
		{C41C0618-E446-4E4F-9EFC-F1A8240BB565}.Release|Any CPU.Build.0 = Release|Any CPU
		{3A6FD1E4-E21F-4065-B902-248382651A1D}.Debug|Any CPU.ActiveCfg = Debug|Any CPU
		{3A6FD1E4-E21F-4065-B902-248382651A1D}.Debug|Any CPU.Build.0 = Debug|Any CPU
		{3A6FD1E4-E21F-4065-B902-248382651A1D}.Release|Any CPU.ActiveCfg = Release|Any CPU
		{3A6FD1E4-E21F-4065-B902-248382651A1D}.Release|Any CPU.Build.0 = Release|Any CPU
	EndGlobalSection
	GlobalSection(SolutionProperties) = preSolution
		HideSolutionNode = FALSE
	EndGlobalSection
EndGlobal
